// !$*UTF8*$!
{
	archiveVersion = 1;
	classes = {
	};
	objectVersion = 56;
	objects = {

/* Begin PBXBuildFile section */
		4A24CC632BF7893E000E4C4B /* MovieInfoViewModel.swift in Sources */ = {isa = PBXBuildFile; fileRef = 4A24CC622BF7893E000E4C4B /* MovieInfoViewModel.swift */; };
		4A24CC652BFB2264000E4C4B /* Movie.swift in Sources */ = {isa = PBXBuildFile; fileRef = 4A24CC642BFB2264000E4C4B /* Movie.swift */; };
		4A24CC692BFB2F19000E4C4B /* MovieBannerView.swift in Sources */ = {isa = PBXBuildFile; fileRef = 4A24CC682BFB2F19000E4C4B /* MovieBannerView.swift */; };
		4A24CC6C2BFB813D000E4C4B /* Shimmering.swift in Sources */ = {isa = PBXBuildFile; fileRef = 4A24CC6B2BFB813D000E4C4B /* Shimmering.swift */; };
		4A2F54582BFC5DE100D68863 /* BannerRatingView.swift in Sources */ = {isa = PBXBuildFile; fileRef = 4A2F54572BFC5DE100D68863 /* BannerRatingView.swift */; };
		4A2F545B2BFC648300D68863 /* BannerMovieDetailView.swift in Sources */ = {isa = PBXBuildFile; fileRef = 4A2F545A2BFC648300D68863 /* BannerMovieDetailView.swift */; };
		4A2F545D2BFC65B500D68863 /* BannerYear-RuntimeView.swift in Sources */ = {isa = PBXBuildFile; fileRef = 4A2F545C2BFC65B500D68863 /* BannerYear-RuntimeView.swift */; };
		4A2F545F2BFC696900D68863 /* WatchlistButton.swift in Sources */ = {isa = PBXBuildFile; fileRef = 4A2F545E2BFC696900D68863 /* WatchlistButton.swift */; };
		4AA48F802BF7734D0059001D /* BSMovieCenterApp.swift in Sources */ = {isa = PBXBuildFile; fileRef = 4AA48F7F2BF7734D0059001D /* BSMovieCenterApp.swift */; };
		4AA48F822BF7734D0059001D /* HomeView.swift in Sources */ = {isa = PBXBuildFile; fileRef = 4AA48F812BF7734D0059001D /* HomeView.swift */; };
		4AA48F842BF7734E0059001D /* Assets.xcassets in Resources */ = {isa = PBXBuildFile; fileRef = 4AA48F832BF7734E0059001D /* Assets.xcassets */; };
		4AA48F872BF7734E0059001D /* Preview Assets.xcassets in Resources */ = {isa = PBXBuildFile; fileRef = 4AA48F862BF7734E0059001D /* Preview Assets.xcassets */; };
		4AA48F912BF7748B0059001D /* MovieData.swift in Sources */ = {isa = PBXBuildFile; fileRef = 4AA48F902BF7748B0059001D /* MovieData.swift */; };
		4AA48F942BF7753A0059001D /* NetworkService.swift in Sources */ = {isa = PBXBuildFile; fileRef = 4AA48F932BF7753A0059001D /* NetworkService.swift */; };
/* End PBXBuildFile section */

/* Begin PBXFileReference section */
		4A24CC622BF7893E000E4C4B /* MovieInfoViewModel.swift */ = {isa = PBXFileReference; lastKnownFileType = sourcecode.swift; path = MovieInfoViewModel.swift; sourceTree = "<group>"; };
		4A24CC642BFB2264000E4C4B /* Movie.swift */ = {isa = PBXFileReference; lastKnownFileType = sourcecode.swift; path = Movie.swift; sourceTree = "<group>"; };
		4A24CC682BFB2F19000E4C4B /* MovieBannerView.swift */ = {isa = PBXFileReference; lastKnownFileType = sourcecode.swift; path = MovieBannerView.swift; sourceTree = "<group>"; };
		4A24CC6B2BFB813D000E4C4B /* Shimmering.swift */ = {isa = PBXFileReference; lastKnownFileType = sourcecode.swift; path = Shimmering.swift; sourceTree = "<group>"; };
		4A2F54572BFC5DE100D68863 /* BannerRatingView.swift */ = {isa = PBXFileReference; lastKnownFileType = sourcecode.swift; path = BannerRatingView.swift; sourceTree = "<group>"; };
		4A2F545A2BFC648300D68863 /* BannerMovieDetailView.swift */ = {isa = PBXFileReference; lastKnownFileType = sourcecode.swift; path = BannerMovieDetailView.swift; sourceTree = "<group>"; };
		4A2F545C2BFC65B500D68863 /* BannerYear-RuntimeView.swift */ = {isa = PBXFileReference; lastKnownFileType = sourcecode.swift; path = "BannerYear-RuntimeView.swift"; sourceTree = "<group>"; };
		4A2F545E2BFC696900D68863 /* WatchlistButton.swift */ = {isa = PBXFileReference; lastKnownFileType = sourcecode.swift; path = WatchlistButton.swift; sourceTree = "<group>"; };
		4AA48F7C2BF7734D0059001D /* BSMovieCenter.app */ = {isa = PBXFileReference; explicitFileType = wrapper.application; includeInIndex = 0; path = BSMovieCenter.app; sourceTree = BUILT_PRODUCTS_DIR; };
		4AA48F7F2BF7734D0059001D /* BSMovieCenterApp.swift */ = {isa = PBXFileReference; lastKnownFileType = sourcecode.swift; path = BSMovieCenterApp.swift; sourceTree = "<group>"; };
		4AA48F812BF7734D0059001D /* HomeView.swift */ = {isa = PBXFileReference; lastKnownFileType = sourcecode.swift; path = HomeView.swift; sourceTree = "<group>"; };
		4AA48F832BF7734E0059001D /* Assets.xcassets */ = {isa = PBXFileReference; lastKnownFileType = folder.assetcatalog; path = Assets.xcassets; sourceTree = "<group>"; };
		4AA48F862BF7734E0059001D /* Preview Assets.xcassets */ = {isa = PBXFileReference; lastKnownFileType = folder.assetcatalog; path = "Preview Assets.xcassets"; sourceTree = "<group>"; };
		4AA48F902BF7748B0059001D /* MovieData.swift */ = {isa = PBXFileReference; lastKnownFileType = sourcecode.swift; path = MovieData.swift; sourceTree = "<group>"; };
		4AA48F932BF7753A0059001D /* NetworkService.swift */ = {isa = PBXFileReference; lastKnownFileType = sourcecode.swift; path = NetworkService.swift; sourceTree = "<group>"; };
/* End PBXFileReference section */

/* Begin PBXFrameworksBuildPhase section */
		4AA48F792BF7734D0059001D /* Frameworks */ = {
			isa = PBXFrameworksBuildPhase;
			buildActionMask = 2147483647;
			files = (
			);
			runOnlyForDeploymentPostprocessing = 0;
		};
/* End PBXFrameworksBuildPhase section */

/* Begin PBXGroup section */
		4A24CC672BFB2EAD000E4C4B /* View */ = {
			isa = PBXGroup;
			children = (
				4A2F54562BFC5DA500D68863 /* SubView */,
				4AA48F812BF7734D0059001D /* HomeView.swift */,
				4A24CC682BFB2F19000E4C4B /* MovieBannerView.swift */,
				4A2F545E2BFC696900D68863 /* WatchlistButton.swift */,
			);
			path = View;
			sourceTree = "<group>";
		};
		4A24CC6A2BFB80AA000E4C4B /* Utilities */ = {
			isa = PBXGroup;
			children = (
				4A24CC6B2BFB813D000E4C4B /* Shimmering.swift */,
			);
			path = Utilities;
			sourceTree = "<group>";
		};
		4A2F54562BFC5DA500D68863 /* SubView */ = {
			isa = PBXGroup;
			children = (
				4A2F54572BFC5DE100D68863 /* BannerRatingView.swift */,
				4A2F545A2BFC648300D68863 /* BannerMovieDetailView.swift */,
				4A2F545C2BFC65B500D68863 /* BannerYear-RuntimeView.swift */,
			);
			path = SubView;
			sourceTree = "<group>";
		};
		4AA48F732BF7734D0059001D = {
			isa = PBXGroup;
			children = (
				4AA48F7E2BF7734D0059001D /* BSMovieCenter */,
				4AA48F7D2BF7734D0059001D /* Products */,
			);
			sourceTree = "<group>";
		};
		4AA48F7D2BF7734D0059001D /* Products */ = {
			isa = PBXGroup;
			children = (
				4AA48F7C2BF7734D0059001D /* BSMovieCenter.app */,
			);
			name = Products;
			sourceTree = "<group>";
		};
		4AA48F7E2BF7734D0059001D /* BSMovieCenter */ = {
			isa = PBXGroup;
			children = (
				4A24CC6A2BFB80AA000E4C4B /* Utilities */,
				4AA48F922BF774FB0059001D /* NetworkManager */,
				4AA48F8F2BF773940059001D /* ViewModel */,
				4AA48F8D2BF773780059001D /* Model */,
				4AA48F7F2BF7734D0059001D /* BSMovieCenterApp.swift */,
				4A24CC672BFB2EAD000E4C4B /* View */,
				4AA48F832BF7734E0059001D /* Assets.xcassets */,
				4AA48F852BF7734E0059001D /* Preview Content */,
			);
			path = BSMovieCenter;
			sourceTree = "<group>";
		};
		4AA48F852BF7734E0059001D /* Preview Content */ = {
			isa = PBXGroup;
			children = (
				4AA48F862BF7734E0059001D /* Preview Assets.xcassets */,
			);
			path = "Preview Content";
			sourceTree = "<group>";
		};
		4AA48F8D2BF773780059001D /* Model */ = {
			isa = PBXGroup;
			children = (
				4AA48F902BF7748B0059001D /* MovieData.swift */,
				4A24CC642BFB2264000E4C4B /* Movie.swift */,
			);
			path = Model;
			sourceTree = "<group>";
		};
		4AA48F8F2BF773940059001D /* ViewModel */ = {
			isa = PBXGroup;
			children = (
				4A24CC622BF7893E000E4C4B /* MovieInfoViewModel.swift */,
			);
			path = ViewModel;
			sourceTree = "<group>";
		};
		4AA48F922BF774FB0059001D /* NetworkManager */ = {
			isa = PBXGroup;
			children = (
				4AA48F932BF7753A0059001D /* NetworkService.swift */,
			);
			path = NetworkManager;
			sourceTree = "<group>";
		};
/* End PBXGroup section */

/* Begin PBXNativeTarget section */
		4AA48F7B2BF7734D0059001D /* BSMovieCenter */ = {
			isa = PBXNativeTarget;
			buildConfigurationList = 4AA48F8A2BF7734E0059001D /* Build configuration list for PBXNativeTarget "BSMovieCenter" */;
			buildPhases = (
				4AA48F782BF7734D0059001D /* Sources */,
				4AA48F792BF7734D0059001D /* Frameworks */,
				4AA48F7A2BF7734D0059001D /* Resources */,
			);
			buildRules = (
			);
			dependencies = (
			);
			name = BSMovieCenter;
			productName = BSMovieCenter;
			productReference = 4AA48F7C2BF7734D0059001D /* BSMovieCenter.app */;
			productType = "com.apple.product-type.application";
		};
/* End PBXNativeTarget section */

/* Begin PBXProject section */
		4AA48F742BF7734D0059001D /* Project object */ = {
			isa = PBXProject;
			attributes = {
				BuildIndependentTargetsInParallel = 1;
				LastSwiftUpdateCheck = 1540;
				LastUpgradeCheck = 1540;
				TargetAttributes = {
					4AA48F7B2BF7734D0059001D = {
						CreatedOnToolsVersion = 15.4;
					};
				};
			};
			buildConfigurationList = 4AA48F772BF7734D0059001D /* Build configuration list for PBXProject "BSMovieCenter" */;
			compatibilityVersion = "Xcode 14.0";
			developmentRegion = en;
			hasScannedForEncodings = 0;
			knownRegions = (
				en,
				Base,
			);
			mainGroup = 4AA48F732BF7734D0059001D;
			productRefGroup = 4AA48F7D2BF7734D0059001D /* Products */;
			projectDirPath = "";
			projectRoot = "";
			targets = (
				4AA48F7B2BF7734D0059001D /* BSMovieCenter */,
			);
		};
/* End PBXProject section */

/* Begin PBXResourcesBuildPhase section */
		4AA48F7A2BF7734D0059001D /* Resources */ = {
			isa = PBXResourcesBuildPhase;
			buildActionMask = 2147483647;
			files = (
				4AA48F872BF7734E0059001D /* Preview Assets.xcassets in Resources */,
				4AA48F842BF7734E0059001D /* Assets.xcassets in Resources */,
			);
			runOnlyForDeploymentPostprocessing = 0;
		};
/* End PBXResourcesBuildPhase section */

/* Begin PBXSourcesBuildPhase section */
		4AA48F782BF7734D0059001D /* Sources */ = {
			isa = PBXSourcesBuildPhase;
			buildActionMask = 2147483647;
			files = (
				4A24CC692BFB2F19000E4C4B /* MovieBannerView.swift in Sources */,
				4A2F545D2BFC65B500D68863 /* BannerYear-RuntimeView.swift in Sources */,
				4AA48F912BF7748B0059001D /* MovieData.swift in Sources */,
				4A24CC632BF7893E000E4C4B /* MovieInfoViewModel.swift in Sources */,
				4A2F54582BFC5DE100D68863 /* BannerRatingView.swift in Sources */,
				4A24CC652BFB2264000E4C4B /* Movie.swift in Sources */,
				4AA48F822BF7734D0059001D /* HomeView.swift in Sources */,
				4A2F545F2BFC696900D68863 /* WatchlistButton.swift in Sources */,
				4A2F545B2BFC648300D68863 /* BannerMovieDetailView.swift in Sources */,
				4AA48F942BF7753A0059001D /* NetworkService.swift in Sources */,
				4A24CC6C2BFB813D000E4C4B /* Shimmering.swift in Sources */,
				4AA48F802BF7734D0059001D /* BSMovieCenterApp.swift in Sources */,
			);
			runOnlyForDeploymentPostprocessing = 0;
		};
/* End PBXSourcesBuildPhase section */

/* Begin XCBuildConfiguration section */
		4AA48F882BF7734E0059001D /* Debug */ = {
			isa = XCBuildConfiguration;
			buildSettings = {
				ALWAYS_SEARCH_USER_PATHS = NO;
				ASSETCATALOG_COMPILER_GENERATE_SWIFT_ASSET_SYMBOL_EXTENSIONS = YES;
				CLANG_ANALYZER_NONNULL = YES;
				CLANG_ANALYZER_NUMBER_OBJECT_CONVERSION = YES_AGGRESSIVE;
				CLANG_CXX_LANGUAGE_STANDARD = "gnu++20";
				CLANG_ENABLE_MODULES = YES;
				CLANG_ENABLE_OBJC_ARC = YES;
				CLANG_ENABLE_OBJC_WEAK = YES;
				CLANG_WARN_BLOCK_CAPTURE_AUTORELEASING = YES;
				CLANG_WARN_BOOL_CONVERSION = YES;
				CLANG_WARN_COMMA = YES;
				CLANG_WARN_CONSTANT_CONVERSION = YES;
				CLANG_WARN_DEPRECATED_OBJC_IMPLEMENTATIONS = YES;
				CLANG_WARN_DIRECT_OBJC_ISA_USAGE = YES_ERROR;
				CLANG_WARN_DOCUMENTATION_COMMENTS = YES;
				CLANG_WARN_EMPTY_BODY = YES;
				CLANG_WARN_ENUM_CONVERSION = YES;
				CLANG_WARN_INFINITE_RECURSION = YES;
				CLANG_WARN_INT_CONVERSION = YES;
				CLANG_WARN_NON_LITERAL_NULL_CONVERSION = YES;
				CLANG_WARN_OBJC_IMPLICIT_RETAIN_SELF = YES;
				CLANG_WARN_OBJC_LITERAL_CONVERSION = YES;
				CLANG_WARN_OBJC_ROOT_CLASS = YES_ERROR;
				CLANG_WARN_QUOTED_INCLUDE_IN_FRAMEWORK_HEADER = YES;
				CLANG_WARN_RANGE_LOOP_ANALYSIS = YES;
				CLANG_WARN_STRICT_PROTOTYPES = YES;
				CLANG_WARN_SUSPICIOUS_MOVE = YES;
				CLANG_WARN_UNGUARDED_AVAILABILITY = YES_AGGRESSIVE;
				CLANG_WARN_UNREACHABLE_CODE = YES;
				CLANG_WARN__DUPLICATE_METHOD_MATCH = YES;
				COPY_PHASE_STRIP = NO;
				DEBUG_INFORMATION_FORMAT = dwarf;
				ENABLE_STRICT_OBJC_MSGSEND = YES;
				ENABLE_TESTABILITY = YES;
				ENABLE_USER_SCRIPT_SANDBOXING = YES;
				GCC_C_LANGUAGE_STANDARD = gnu17;
				GCC_DYNAMIC_NO_PIC = NO;
				GCC_NO_COMMON_BLOCKS = YES;
				GCC_OPTIMIZATION_LEVEL = 0;
				GCC_PREPROCESSOR_DEFINITIONS = (
					"DEBUG=1",
					"$(inherited)",
				);
				GCC_WARN_64_TO_32_BIT_CONVERSION = YES;
				GCC_WARN_ABOUT_RETURN_TYPE = YES_ERROR;
				GCC_WARN_UNDECLARED_SELECTOR = YES;
				GCC_WARN_UNINITIALIZED_AUTOS = YES_AGGRESSIVE;
				GCC_WARN_UNUSED_FUNCTION = YES;
				GCC_WARN_UNUSED_VARIABLE = YES;
				IPHONEOS_DEPLOYMENT_TARGET = 17.5;
				LOCALIZATION_PREFERS_STRING_CATALOGS = YES;
				MTL_ENABLE_DEBUG_INFO = INCLUDE_SOURCE;
				MTL_FAST_MATH = YES;
				ONLY_ACTIVE_ARCH = YES;
				SDKROOT = iphoneos;
				SWIFT_ACTIVE_COMPILATION_CONDITIONS = "DEBUG $(inherited)";
				SWIFT_OPTIMIZATION_LEVEL = "-Onone";
			};
			name = Debug;
		};
		4AA48F892BF7734E0059001D /* Release */ = {
			isa = XCBuildConfiguration;
			buildSettings = {
				ALWAYS_SEARCH_USER_PATHS = NO;
				ASSETCATALOG_COMPILER_GENERATE_SWIFT_ASSET_SYMBOL_EXTENSIONS = YES;
				CLANG_ANALYZER_NONNULL = YES;
				CLANG_ANALYZER_NUMBER_OBJECT_CONVERSION = YES_AGGRESSIVE;
				CLANG_CXX_LANGUAGE_STANDARD = "gnu++20";
				CLANG_ENABLE_MODULES = YES;
				CLANG_ENABLE_OBJC_ARC = YES;
				CLANG_ENABLE_OBJC_WEAK = YES;
				CLANG_WARN_BLOCK_CAPTURE_AUTORELEASING = YES;
				CLANG_WARN_BOOL_CONVERSION = YES;
				CLANG_WARN_COMMA = YES;
				CLANG_WARN_CONSTANT_CONVERSION = YES;
				CLANG_WARN_DEPRECATED_OBJC_IMPLEMENTATIONS = YES;
				CLANG_WARN_DIRECT_OBJC_ISA_USAGE = YES_ERROR;
				CLANG_WARN_DOCUMENTATION_COMMENTS = YES;
				CLANG_WARN_EMPTY_BODY = YES;
				CLANG_WARN_ENUM_CONVERSION = YES;
				CLANG_WARN_INFINITE_RECURSION = YES;
				CLANG_WARN_INT_CONVERSION = YES;
				CLANG_WARN_NON_LITERAL_NULL_CONVERSION = YES;
				CLANG_WARN_OBJC_IMPLICIT_RETAIN_SELF = YES;
				CLANG_WARN_OBJC_LITERAL_CONVERSION = YES;
				CLANG_WARN_OBJC_ROOT_CLASS = YES_ERROR;
				CLANG_WARN_QUOTED_INCLUDE_IN_FRAMEWORK_HEADER = YES;
				CLANG_WARN_RANGE_LOOP_ANALYSIS = YES;
				CLANG_WARN_STRICT_PROTOTYPES = YES;
				CLANG_WARN_SUSPICIOUS_MOVE = YES;
				CLANG_WARN_UNGUARDED_AVAILABILITY = YES_AGGRESSIVE;
				CLANG_WARN_UNREACHABLE_CODE = YES;
				CLANG_WARN__DUPLICATE_METHOD_MATCH = YES;
				COPY_PHASE_STRIP = NO;
				DEBUG_INFORMATION_FORMAT = "dwarf-with-dsym";
				ENABLE_NS_ASSERTIONS = NO;
				ENABLE_STRICT_OBJC_MSGSEND = YES;
				ENABLE_USER_SCRIPT_SANDBOXING = YES;
				GCC_C_LANGUAGE_STANDARD = gnu17;
				GCC_NO_COMMON_BLOCKS = YES;
				GCC_WARN_64_TO_32_BIT_CONVERSION = YES;
				GCC_WARN_ABOUT_RETURN_TYPE = YES_ERROR;
				GCC_WARN_UNDECLARED_SELECTOR = YES;
				GCC_WARN_UNINITIALIZED_AUTOS = YES_AGGRESSIVE;
				GCC_WARN_UNUSED_FUNCTION = YES;
				GCC_WARN_UNUSED_VARIABLE = YES;
				IPHONEOS_DEPLOYMENT_TARGET = 17.5;
				LOCALIZATION_PREFERS_STRING_CATALOGS = YES;
				MTL_ENABLE_DEBUG_INFO = NO;
				MTL_FAST_MATH = YES;
				SDKROOT = iphoneos;
				SWIFT_COMPILATION_MODE = wholemodule;
				VALIDATE_PRODUCT = YES;
			};
			name = Release;
		};
		4AA48F8B2BF7734E0059001D /* Debug */ = {
			isa = XCBuildConfiguration;
			buildSettings = {
				ASSETCATALOG_COMPILER_APPICON_NAME = AppIcon;
				ASSETCATALOG_COMPILER_GLOBAL_ACCENT_COLOR_NAME = AccentColor;
				CODE_SIGN_STYLE = Automatic;
				CURRENT_PROJECT_VERSION = 1;
				DEVELOPMENT_ASSET_PATHS = "\"BSMovieCenter/Preview Content\"";
				DEVELOPMENT_TEAM = PBHADL468Q;
				ENABLE_PREVIEWS = YES;
				GENERATE_INFOPLIST_FILE = YES;
				INFOPLIST_KEY_UIApplicationSceneManifest_Generation = YES;
				INFOPLIST_KEY_UIApplicationSupportsIndirectInputEvents = YES;
				INFOPLIST_KEY_UILaunchScreen_Generation = YES;
				INFOPLIST_KEY_UISupportedInterfaceOrientations_iPad = "UIInterfaceOrientationPortrait UIInterfaceOrientationPortraitUpsideDown UIInterfaceOrientationLandscapeLeft UIInterfaceOrientationLandscapeRight";
				INFOPLIST_KEY_UISupportedInterfaceOrientations_iPhone = "UIInterfaceOrientationPortrait UIInterfaceOrientationLandscapeLeft UIInterfaceOrientationLandscapeRight";
				LD_RUNPATH_SEARCH_PATHS = (
					"$(inherited)",
					"@executable_path/Frameworks",
				);
				MARKETING_VERSION = 1.0;
				PRODUCT_BUNDLE_IDENTIFIER = brainstation.BSMovieCenter;
				PRODUCT_NAME = "$(TARGET_NAME)";
				SWIFT_EMIT_LOC_STRINGS = YES;
				SWIFT_VERSION = 5.0;
				TARGETED_DEVICE_FAMILY = "1,2";
			};
			name = Debug;
		};
		4AA48F8C2BF7734E0059001D /* Release */ = {
			isa = XCBuildConfiguration;
			buildSettings = {
				ASSETCATALOG_COMPILER_APPICON_NAME = AppIcon;
				ASSETCATALOG_COMPILER_GLOBAL_ACCENT_COLOR_NAME = AccentColor;
				CODE_SIGN_STYLE = Automatic;
				CURRENT_PROJECT_VERSION = 1;
				DEVELOPMENT_ASSET_PATHS = "\"BSMovieCenter/Preview Content\"";
				DEVELOPMENT_TEAM = PBHADL468Q;
				ENABLE_PREVIEWS = YES;
				GENERATE_INFOPLIST_FILE = YES;
				INFOPLIST_KEY_UIApplicationSceneManifest_Generation = YES;
				INFOPLIST_KEY_UIApplicationSupportsIndirectInputEvents = YES;
				INFOPLIST_KEY_UILaunchScreen_Generation = YES;
				INFOPLIST_KEY_UISupportedInterfaceOrientations_iPad = "UIInterfaceOrientationPortrait UIInterfaceOrientationPortraitUpsideDown UIInterfaceOrientationLandscapeLeft UIInterfaceOrientationLandscapeRight";
				INFOPLIST_KEY_UISupportedInterfaceOrientations_iPhone = "UIInterfaceOrientationPortrait UIInterfaceOrientationLandscapeLeft UIInterfaceOrientationLandscapeRight";
				LD_RUNPATH_SEARCH_PATHS = (
					"$(inherited)",
					"@executable_path/Frameworks",
				);
				MARKETING_VERSION = 1.0;
				PRODUCT_BUNDLE_IDENTIFIER = brainstation.BSMovieCenter;
				PRODUCT_NAME = "$(TARGET_NAME)";
				SWIFT_EMIT_LOC_STRINGS = YES;
				SWIFT_VERSION = 5.0;
				TARGETED_DEVICE_FAMILY = "1,2";
			};
			name = Release;
		};
/* End XCBuildConfiguration section */

/* Begin XCConfigurationList section */
		4AA48F772BF7734D0059001D /* Build configuration list for PBXProject "BSMovieCenter" */ = {
			isa = XCConfigurationList;
			buildConfigurations = (
				4AA48F882BF7734E0059001D /* Debug */,
				4AA48F892BF7734E0059001D /* Release */,
			);
			defaultConfigurationIsVisible = 0;
			defaultConfigurationName = Release;
		};
		4AA48F8A2BF7734E0059001D /* Build configuration list for PBXNativeTarget "BSMovieCenter" */ = {
			isa = XCConfigurationList;
			buildConfigurations = (
				4AA48F8B2BF7734E0059001D /* Debug */,
				4AA48F8C2BF7734E0059001D /* Release */,
			);
			defaultConfigurationIsVisible = 0;
			defaultConfigurationName = Release;
		};
/* End XCConfigurationList section */
	};
	rootObject = 4AA48F742BF7734D0059001D /* Project object */;
}
