// !$*UTF8*$!
{
	archiveVersion = 1;
	classes = {
	};
	objectVersion = 56;
	objects = {

/* Begin PBXBuildFile section */
		4A0581CD2C085FDC00FE370D /* Localizable.xcstrings in Resources */ = {isa = PBXBuildFile; fileRef = 4A0581CC2C085FDC00FE370D /* Localizable.xcstrings */; };
		4A0581CF2C08709100FE370D /* SettingsView.swift in Sources */ = {isa = PBXBuildFile; fileRef = 4A0581CE2C08709100FE370D /* SettingsView.swift */; };
		4A0887AC2BFF1D1100209021 /* TestView.swift in Sources */ = {isa = PBXBuildFile; fileRef = 4A0887AB2BFF1D1100209021 /* TestView.swift */; };
		4A0887AE2BFF25DF00209021 /* CustomTabIndicator.swift in Sources */ = {isa = PBXBuildFile; fileRef = 4A0887AD2BFF25DF00209021 /* CustomTabIndicator.swift */; };
		4A0887B02BFF4EEC00209021 /* MovieDetailView.swift in Sources */ = {isa = PBXBuildFile; fileRef = 4A0887AF2BFF4EEC00209021 /* MovieDetailView.swift */; };
		4A1999242C00A01700A9026B /* SearchMovieView.swift in Sources */ = {isa = PBXBuildFile; fileRef = 4A1999232C00A01700A9026B /* SearchMovieView.swift */; };
		4A1999262C00A8B000A9026B /* ListCellView.swift in Sources */ = {isa = PBXBuildFile; fileRef = 4A1999252C00A8B000A9026B /* ListCellView.swift */; };
		4A19992A2C00AFD900A9026B /* SearchMovieViewModel.swift in Sources */ = {isa = PBXBuildFile; fileRef = 4A1999292C00AFD900A9026B /* SearchMovieViewModel.swift */; };
		4A24CC632BF7893E000E4C4B /* MovieInfoViewModel.swift in Sources */ = {isa = PBXBuildFile; fileRef = 4A24CC622BF7893E000E4C4B /* MovieInfoViewModel.swift */; };
		4A24CC652BFB2264000E4C4B /* Movie.swift in Sources */ = {isa = PBXBuildFile; fileRef = 4A24CC642BFB2264000E4C4B /* Movie.swift */; };
		4A24CC692BFB2F19000E4C4B /* MovieBannerView.swift in Sources */ = {isa = PBXBuildFile; fileRef = 4A24CC682BFB2F19000E4C4B /* MovieBannerView.swift */; };
		4A24CC6C2BFB813D000E4C4B /* Shimmering.swift in Sources */ = {isa = PBXBuildFile; fileRef = 4A24CC6B2BFB813D000E4C4B /* Shimmering.swift */; };
		4A2F54582BFC5DE100D68863 /* BannerRatingView.swift in Sources */ = {isa = PBXBuildFile; fileRef = 4A2F54572BFC5DE100D68863 /* BannerRatingView.swift */; };
		4A2F545B2BFC648300D68863 /* BannerMovieDetailView.swift in Sources */ = {isa = PBXBuildFile; fileRef = 4A2F545A2BFC648300D68863 /* BannerMovieDetailView.swift */; };
		4A2F545D2BFC65B500D68863 /* BannerYear-RuntimeView.swift in Sources */ = {isa = PBXBuildFile; fileRef = 4A2F545C2BFC65B500D68863 /* BannerYear-RuntimeView.swift */; };
		4A2F545F2BFC696900D68863 /* WatchlistButton.swift in Sources */ = {isa = PBXBuildFile; fileRef = 4A2F545E2BFC696900D68863 /* WatchlistButton.swift */; };
		4A315BE12C1184B70030FC07 /* ResuableTextField.swift in Sources */ = {isa = PBXBuildFile; fileRef = 4A315BE02C1184B70030FC07 /* ResuableTextField.swift */; };
		4A315BE32C1193D10030FC07 /* SignupView.swift in Sources */ = {isa = PBXBuildFile; fileRef = 4A315BE22C1193D10030FC07 /* SignupView.swift */; };
		4A315BE62C11A7A70030FC07 /* SettingRowView.swift in Sources */ = {isa = PBXBuildFile; fileRef = 4A315BE52C11A7A70030FC07 /* SettingRowView.swift */; };
		4A315BE92C11AA080030FC07 /* User.swift in Sources */ = {isa = PBXBuildFile; fileRef = 4A315BE82C11AA080030FC07 /* User.swift */; };
		4A315BEE2C11AFAD0030FC07 /* FirebaseAuth in Frameworks */ = {isa = PBXBuildFile; productRef = 4A315BED2C11AFAD0030FC07 /* FirebaseAuth */; };
		4A315BF02C11AFAD0030FC07 /* FirebaseFirestore in Frameworks */ = {isa = PBXBuildFile; productRef = 4A315BEF2C11AFAD0030FC07 /* FirebaseFirestore */; };
		4A315BF22C11AFAD0030FC07 /* FirebaseFirestoreSwift in Frameworks */ = {isa = PBXBuildFile; productRef = 4A315BF12C11AFAD0030FC07 /* FirebaseFirestoreSwift */; };
		4A315BF42C11AFAD0030FC07 /* FirebaseStorage in Frameworks */ = {isa = PBXBuildFile; productRef = 4A315BF32C11AFAD0030FC07 /* FirebaseStorage */; };
		4A315BF72C11B0160030FC07 /* AuthViewModel.swift in Sources */ = {isa = PBXBuildFile; fileRef = 4A315BF62C11B0160030FC07 /* AuthViewModel.swift */; };
		4A315BF92C11B3F10030FC07 /* ContentView.swift in Sources */ = {isa = PBXBuildFile; fileRef = 4A315BF82C11B3F10030FC07 /* ContentView.swift */; };
		4A315BFB2C11C3DD0030FC07 /* AuthenticationFormProtocol.swift in Sources */ = {isa = PBXBuildFile; fileRef = 4A315BFA2C11C3DD0030FC07 /* AuthenticationFormProtocol.swift */; };
		4A3BF8D92C09A5C700888168 /* SystemThemeManager.swift in Sources */ = {isa = PBXBuildFile; fileRef = 4A3BF8D82C09A5C700888168 /* SystemThemeManager.swift */; };
		4A6817672BFF61A30065C711 /* MovieRatingDetailView.swift in Sources */ = {isa = PBXBuildFile; fileRef = 4A6817662BFF61A30065C711 /* MovieRatingDetailView.swift */; };
		4A6817692BFF769F0065C711 /* Cast.swift in Sources */ = {isa = PBXBuildFile; fileRef = 4A6817682BFF769F0065C711 /* Cast.swift */; };
		4A68176B2BFF7C560065C711 /* Constants.swift in Sources */ = {isa = PBXBuildFile; fileRef = 4A68176A2BFF7C560065C711 /* Constants.swift */; };
		4A68176D2BFF7CB30065C711 /* MovieDetailViewModel.swift in Sources */ = {isa = PBXBuildFile; fileRef = 4A68176C2BFF7CB30065C711 /* MovieDetailViewModel.swift */; };
		4A68176F2BFF7D440065C711 /* MovieDetail.swift in Sources */ = {isa = PBXBuildFile; fileRef = 4A68176E2BFF7D430065C711 /* MovieDetail.swift */; };
		4A6817712BFF815F0065C711 /* CastView.swift in Sources */ = {isa = PBXBuildFile; fileRef = 4A6817702BFF815F0065C711 /* CastView.swift */; };
		4A6D51142C073FEC000DC300 /* WatchListViewModel.swift in Sources */ = {isa = PBXBuildFile; fileRef = 4A6D51132C073FEC000DC300 /* WatchListViewModel.swift */; };
		4A6D51162C0747ED000DC300 /* WatchListView.swift in Sources */ = {isa = PBXBuildFile; fileRef = 4A6D51152C0747ED000DC300 /* WatchListView.swift */; };
		4A7B2D462C0DFAAB0090735B /* CustomSegmentedListPicker.swift in Sources */ = {isa = PBXBuildFile; fileRef = 4A7B2D452C0DFAAB0090735B /* CustomSegmentedListPicker.swift */; };
		4A7B2D482C0E001F0090735B /* CustomSegmentedPicker.swift in Sources */ = {isa = PBXBuildFile; fileRef = 4A7B2D472C0E001F0090735B /* CustomSegmentedPicker.swift */; };
		4AA48F802BF7734D0059001D /* BSMovieCenterApp.swift in Sources */ = {isa = PBXBuildFile; fileRef = 4AA48F7F2BF7734D0059001D /* BSMovieCenterApp.swift */; };
		4AA48F822BF7734D0059001D /* HomeView.swift in Sources */ = {isa = PBXBuildFile; fileRef = 4AA48F812BF7734D0059001D /* HomeView.swift */; };
		4AA48F842BF7734E0059001D /* Assets.xcassets in Resources */ = {isa = PBXBuildFile; fileRef = 4AA48F832BF7734E0059001D /* Assets.xcassets */; };
		4AA48F872BF7734E0059001D /* Preview Assets.xcassets in Resources */ = {isa = PBXBuildFile; fileRef = 4AA48F862BF7734E0059001D /* Preview Assets.xcassets */; };
		4AA48F912BF7748B0059001D /* MovieData.swift in Sources */ = {isa = PBXBuildFile; fileRef = 4AA48F902BF7748B0059001D /* MovieData.swift */; };
		4AA48F942BF7753A0059001D /* NetworkService.swift in Sources */ = {isa = PBXBuildFile; fileRef = 4AA48F932BF7753A0059001D /* NetworkService.swift */; };
		4AC1CC8F2C10491000074D42 /* LocalDataSource.swift in Sources */ = {isa = PBXBuildFile; fileRef = 4AC1CC8E2C10491000074D42 /* LocalDataSource.swift */; };
		4AC1CC912C10496F00074D42 /* RemoteDataSource.swift in Sources */ = {isa = PBXBuildFile; fileRef = 4AC1CC902C10496F00074D42 /* RemoteDataSource.swift */; };
		4AC1CC952C10559A00074D42 /* LocalDatabase.swift in Sources */ = {isa = PBXBuildFile; fileRef = 4AC1CC942C10559A00074D42 /* LocalDatabase.swift */; };
		4AC1CC972C1057D400074D42 /* NetworkAPI.swift in Sources */ = {isa = PBXBuildFile; fileRef = 4AC1CC962C1057D400074D42 /* NetworkAPI.swift */; };
		4AC1CC992C105AA100074D42 /* MovieRepository.swift in Sources */ = {isa = PBXBuildFile; fileRef = 4AC1CC982C105AA100074D42 /* MovieRepository.swift */; };
		4AC1CC9B2C10A66700074D42 /* BackgroundCurveShape.swift in Sources */ = {isa = PBXBuildFile; fileRef = 4AC1CC9A2C10A66700074D42 /* BackgroundCurveShape.swift */; };
		4AC1CC9D2C10A69200074D42 /* LoginView.swift in Sources */ = {isa = PBXBuildFile; fileRef = 4AC1CC9C2C10A69200074D42 /* LoginView.swift */; };
		4AC680CA2C16CFB400DC1C51 /* AppDelegate.swift in Sources */ = {isa = PBXBuildFile; fileRef = 4AC680C92C16CFB400DC1C51 /* AppDelegate.swift */; };
		4AC680CD2C16D0C600DC1C51 /* GoogleSignIn in Frameworks */ = {isa = PBXBuildFile; productRef = 4AC680CC2C16D0C600DC1C51 /* GoogleSignIn */; };
		4AC680CF2C16D0C600DC1C51 /* GoogleSignInSwift in Frameworks */ = {isa = PBXBuildFile; productRef = 4AC680CE2C16D0C600DC1C51 /* GoogleSignInSwift */; };
		4AC680D12C16D3B500DC1C51 /* GoogleService-Info.plist in Resources */ = {isa = PBXBuildFile; fileRef = 4AC680D02C16D3B500DC1C51 /* GoogleService-Info.plist */; };
		4AC680D42C16DBD800DC1C51 /* TopViewController.swift in Sources */ = {isa = PBXBuildFile; fileRef = 4AC680D32C16DBD800DC1C51 /* TopViewController.swift */; };
		4AE149F22C0D9BBB009DBA2B /* FilterView.swift in Sources */ = {isa = PBXBuildFile; fileRef = 4AE149F12C0D9BBB009DBA2B /* FilterView.swift */; };
		4AE149F62C0DB8B7009DBA2B /* VideoView.swift in Sources */ = {isa = PBXBuildFile; fileRef = 4AE149F52C0DB8B7009DBA2B /* VideoView.swift */; };
		4AE149F92C0DE9FC009DBA2B /* Enums.swift in Sources */ = {isa = PBXBuildFile; fileRef = 4AE149F82C0DE9FC009DBA2B /* Enums.swift */; };
		4AE4252E2BFC7AB700EF7877 /* MovieTabView.swift in Sources */ = {isa = PBXBuildFile; fileRef = 4AE4252D2BFC7AB700EF7877 /* MovieTabView.swift */; };
		4AE425302BFC7E9400EF7877 /* HomeHeaderView.swift in Sources */ = {isa = PBXBuildFile; fileRef = 4AE4252F2BFC7E9400EF7877 /* HomeHeaderView.swift */; };
		4AE425322BFC8D4C00EF7877 /* Util.swift in Sources */ = {isa = PBXBuildFile; fileRef = 4AE425312BFC8D4C00EF7877 /* Util.swift */; };
		4AE425342BFC939C00EF7877 /* HorizontalMovieListView.swift in Sources */ = {isa = PBXBuildFile; fileRef = 4AE425332BFC939C00EF7877 /* HorizontalMovieListView.swift */; };
		4AE425362BFC94EA00EF7877 /* PosterView.swift in Sources */ = {isa = PBXBuildFile; fileRef = 4AE425352BFC94EA00EF7877 /* PosterView.swift */; };
		4AE425382BFCBBE700EF7877 /* HubView.swift in Sources */ = {isa = PBXBuildFile; fileRef = 4AE425372BFCBBE700EF7877 /* HubView.swift */; };
/* End PBXBuildFile section */

/* Begin PBXFileReference section */
		4A0581CC2C085FDC00FE370D /* Localizable.xcstrings */ = {isa = PBXFileReference; lastKnownFileType = text.json.xcstrings; path = Localizable.xcstrings; sourceTree = "<group>"; };
		4A0581CE2C08709100FE370D /* SettingsView.swift */ = {isa = PBXFileReference; lastKnownFileType = sourcecode.swift; path = SettingsView.swift; sourceTree = "<group>"; };
		4A0887AB2BFF1D1100209021 /* TestView.swift */ = {isa = PBXFileReference; lastKnownFileType = sourcecode.swift; path = TestView.swift; sourceTree = "<group>"; };
		4A0887AD2BFF25DF00209021 /* CustomTabIndicator.swift */ = {isa = PBXFileReference; lastKnownFileType = sourcecode.swift; path = CustomTabIndicator.swift; sourceTree = "<group>"; };
		4A0887AF2BFF4EEC00209021 /* MovieDetailView.swift */ = {isa = PBXFileReference; lastKnownFileType = sourcecode.swift; path = MovieDetailView.swift; sourceTree = "<group>"; };
		4A1999232C00A01700A9026B /* SearchMovieView.swift */ = {isa = PBXFileReference; lastKnownFileType = sourcecode.swift; path = SearchMovieView.swift; sourceTree = "<group>"; };
		4A1999252C00A8B000A9026B /* ListCellView.swift */ = {isa = PBXFileReference; lastKnownFileType = sourcecode.swift; path = ListCellView.swift; sourceTree = "<group>"; };
		4A1999292C00AFD900A9026B /* SearchMovieViewModel.swift */ = {isa = PBXFileReference; lastKnownFileType = sourcecode.swift; path = SearchMovieViewModel.swift; sourceTree = "<group>"; };
		4A24CC622BF7893E000E4C4B /* MovieInfoViewModel.swift */ = {isa = PBXFileReference; lastKnownFileType = sourcecode.swift; path = MovieInfoViewModel.swift; sourceTree = "<group>"; };
		4A24CC642BFB2264000E4C4B /* Movie.swift */ = {isa = PBXFileReference; lastKnownFileType = sourcecode.swift; path = Movie.swift; sourceTree = "<group>"; };
		4A24CC682BFB2F19000E4C4B /* MovieBannerView.swift */ = {isa = PBXFileReference; lastKnownFileType = sourcecode.swift; path = MovieBannerView.swift; sourceTree = "<group>"; };
		4A24CC6B2BFB813D000E4C4B /* Shimmering.swift */ = {isa = PBXFileReference; lastKnownFileType = sourcecode.swift; path = Shimmering.swift; sourceTree = "<group>"; };
		4A2F54572BFC5DE100D68863 /* BannerRatingView.swift */ = {isa = PBXFileReference; lastKnownFileType = sourcecode.swift; path = BannerRatingView.swift; sourceTree = "<group>"; };
		4A2F545A2BFC648300D68863 /* BannerMovieDetailView.swift */ = {isa = PBXFileReference; lastKnownFileType = sourcecode.swift; path = BannerMovieDetailView.swift; sourceTree = "<group>"; };
		4A2F545C2BFC65B500D68863 /* BannerYear-RuntimeView.swift */ = {isa = PBXFileReference; lastKnownFileType = sourcecode.swift; path = "BannerYear-RuntimeView.swift"; sourceTree = "<group>"; };
		4A2F545E2BFC696900D68863 /* WatchlistButton.swift */ = {isa = PBXFileReference; lastKnownFileType = sourcecode.swift; path = WatchlistButton.swift; sourceTree = "<group>"; };
		4A315BE02C1184B70030FC07 /* ResuableTextField.swift */ = {isa = PBXFileReference; lastKnownFileType = sourcecode.swift; path = ResuableTextField.swift; sourceTree = "<group>"; };
		4A315BE22C1193D10030FC07 /* SignupView.swift */ = {isa = PBXFileReference; lastKnownFileType = sourcecode.swift; path = SignupView.swift; sourceTree = "<group>"; };
		4A315BE52C11A7A70030FC07 /* SettingRowView.swift */ = {isa = PBXFileReference; lastKnownFileType = sourcecode.swift; path = SettingRowView.swift; sourceTree = "<group>"; };
		4A315BE82C11AA080030FC07 /* User.swift */ = {isa = PBXFileReference; lastKnownFileType = sourcecode.swift; path = User.swift; sourceTree = "<group>"; };
		4A315BF62C11B0160030FC07 /* AuthViewModel.swift */ = {isa = PBXFileReference; lastKnownFileType = sourcecode.swift; path = AuthViewModel.swift; sourceTree = "<group>"; };
		4A315BF82C11B3F10030FC07 /* ContentView.swift */ = {isa = PBXFileReference; lastKnownFileType = sourcecode.swift; path = ContentView.swift; sourceTree = "<group>"; };
		4A315BFA2C11C3DD0030FC07 /* AuthenticationFormProtocol.swift */ = {isa = PBXFileReference; lastKnownFileType = sourcecode.swift; path = AuthenticationFormProtocol.swift; sourceTree = "<group>"; };
		4A3BF8D82C09A5C700888168 /* SystemThemeManager.swift */ = {isa = PBXFileReference; lastKnownFileType = sourcecode.swift; path = SystemThemeManager.swift; sourceTree = "<group>"; };
		4A6817662BFF61A30065C711 /* MovieRatingDetailView.swift */ = {isa = PBXFileReference; lastKnownFileType = sourcecode.swift; path = MovieRatingDetailView.swift; sourceTree = "<group>"; };
		4A6817682BFF769F0065C711 /* Cast.swift */ = {isa = PBXFileReference; lastKnownFileType = sourcecode.swift; path = Cast.swift; sourceTree = "<group>"; };
		4A68176A2BFF7C560065C711 /* Constants.swift */ = {isa = PBXFileReference; lastKnownFileType = sourcecode.swift; path = Constants.swift; sourceTree = "<group>"; };
		4A68176C2BFF7CB30065C711 /* MovieDetailViewModel.swift */ = {isa = PBXFileReference; lastKnownFileType = sourcecode.swift; path = MovieDetailViewModel.swift; sourceTree = "<group>"; };
		4A68176E2BFF7D430065C711 /* MovieDetail.swift */ = {isa = PBXFileReference; lastKnownFileType = sourcecode.swift; path = MovieDetail.swift; sourceTree = "<group>"; };
		4A6817702BFF815F0065C711 /* CastView.swift */ = {isa = PBXFileReference; lastKnownFileType = sourcecode.swift; path = CastView.swift; sourceTree = "<group>"; };
		4A6D51132C073FEC000DC300 /* WatchListViewModel.swift */ = {isa = PBXFileReference; lastKnownFileType = sourcecode.swift; path = WatchListViewModel.swift; sourceTree = "<group>"; };
		4A6D51152C0747ED000DC300 /* WatchListView.swift */ = {isa = PBXFileReference; lastKnownFileType = sourcecode.swift; path = WatchListView.swift; sourceTree = "<group>"; };
		4A7B2D452C0DFAAB0090735B /* CustomSegmentedListPicker.swift */ = {isa = PBXFileReference; lastKnownFileType = sourcecode.swift; path = CustomSegmentedListPicker.swift; sourceTree = "<group>"; };
		4A7B2D472C0E001F0090735B /* CustomSegmentedPicker.swift */ = {isa = PBXFileReference; lastKnownFileType = sourcecode.swift; path = CustomSegmentedPicker.swift; sourceTree = "<group>"; };
		4AA48F7C2BF7734D0059001D /* BSMovieCenter.app */ = {isa = PBXFileReference; explicitFileType = wrapper.application; includeInIndex = 0; path = BSMovieCenter.app; sourceTree = BUILT_PRODUCTS_DIR; };
		4AA48F7F2BF7734D0059001D /* BSMovieCenterApp.swift */ = {isa = PBXFileReference; lastKnownFileType = sourcecode.swift; path = BSMovieCenterApp.swift; sourceTree = "<group>"; };
		4AA48F812BF7734D0059001D /* HomeView.swift */ = {isa = PBXFileReference; lastKnownFileType = sourcecode.swift; path = HomeView.swift; sourceTree = "<group>"; };
		4AA48F832BF7734E0059001D /* Assets.xcassets */ = {isa = PBXFileReference; lastKnownFileType = folder.assetcatalog; path = Assets.xcassets; sourceTree = "<group>"; };
		4AA48F862BF7734E0059001D /* Preview Assets.xcassets */ = {isa = PBXFileReference; lastKnownFileType = folder.assetcatalog; path = "Preview Assets.xcassets"; sourceTree = "<group>"; };
		4AA48F902BF7748B0059001D /* MovieData.swift */ = {isa = PBXFileReference; lastKnownFileType = sourcecode.swift; path = MovieData.swift; sourceTree = "<group>"; };
		4AA48F932BF7753A0059001D /* NetworkService.swift */ = {isa = PBXFileReference; lastKnownFileType = sourcecode.swift; path = NetworkService.swift; sourceTree = "<group>"; };
		4AC1CC8E2C10491000074D42 /* LocalDataSource.swift */ = {isa = PBXFileReference; lastKnownFileType = sourcecode.swift; path = LocalDataSource.swift; sourceTree = "<group>"; };
		4AC1CC902C10496F00074D42 /* RemoteDataSource.swift */ = {isa = PBXFileReference; lastKnownFileType = sourcecode.swift; path = RemoteDataSource.swift; sourceTree = "<group>"; };
		4AC1CC942C10559A00074D42 /* LocalDatabase.swift */ = {isa = PBXFileReference; lastKnownFileType = sourcecode.swift; path = LocalDatabase.swift; sourceTree = "<group>"; };
		4AC1CC962C1057D400074D42 /* NetworkAPI.swift */ = {isa = PBXFileReference; lastKnownFileType = sourcecode.swift; path = NetworkAPI.swift; sourceTree = "<group>"; };
		4AC1CC982C105AA100074D42 /* MovieRepository.swift */ = {isa = PBXFileReference; lastKnownFileType = sourcecode.swift; path = MovieRepository.swift; sourceTree = "<group>"; };
		4AC1CC9A2C10A66700074D42 /* BackgroundCurveShape.swift */ = {isa = PBXFileReference; lastKnownFileType = sourcecode.swift; path = BackgroundCurveShape.swift; sourceTree = "<group>"; };
		4AC1CC9C2C10A69200074D42 /* LoginView.swift */ = {isa = PBXFileReference; lastKnownFileType = sourcecode.swift; path = LoginView.swift; sourceTree = "<group>"; };
		4AC680C92C16CFB400DC1C51 /* AppDelegate.swift */ = {isa = PBXFileReference; lastKnownFileType = sourcecode.swift; path = AppDelegate.swift; sourceTree = "<group>"; };
		4AC680D02C16D3B500DC1C51 /* GoogleService-Info.plist */ = {isa = PBXFileReference; fileEncoding = 4; lastKnownFileType = text.plist.xml; path = "GoogleService-Info.plist"; sourceTree = "<group>"; };
		4AC680D22C16D57F00DC1C51 /* Info.plist */ = {isa = PBXFileReference; lastKnownFileType = text.plist; path = Info.plist; sourceTree = "<group>"; };
		4AC680D32C16DBD800DC1C51 /* TopViewController.swift */ = {isa = PBXFileReference; lastKnownFileType = sourcecode.swift; path = TopViewController.swift; sourceTree = "<group>"; };
		4AE149F12C0D9BBB009DBA2B /* FilterView.swift */ = {isa = PBXFileReference; lastKnownFileType = sourcecode.swift; path = FilterView.swift; sourceTree = "<group>"; };
		4AE149F52C0DB8B7009DBA2B /* VideoView.swift */ = {isa = PBXFileReference; lastKnownFileType = sourcecode.swift; path = VideoView.swift; sourceTree = "<group>"; };
		4AE149F82C0DE9FC009DBA2B /* Enums.swift */ = {isa = PBXFileReference; lastKnownFileType = sourcecode.swift; path = Enums.swift; sourceTree = "<group>"; };
		4AE4252D2BFC7AB700EF7877 /* MovieTabView.swift */ = {isa = PBXFileReference; lastKnownFileType = sourcecode.swift; path = MovieTabView.swift; sourceTree = "<group>"; };
		4AE4252F2BFC7E9400EF7877 /* HomeHeaderView.swift */ = {isa = PBXFileReference; lastKnownFileType = sourcecode.swift; path = HomeHeaderView.swift; sourceTree = "<group>"; };
		4AE425312BFC8D4C00EF7877 /* Util.swift */ = {isa = PBXFileReference; lastKnownFileType = sourcecode.swift; path = Util.swift; sourceTree = "<group>"; };
		4AE425332BFC939C00EF7877 /* HorizontalMovieListView.swift */ = {isa = PBXFileReference; lastKnownFileType = sourcecode.swift; path = HorizontalMovieListView.swift; sourceTree = "<group>"; };
		4AE425352BFC94EA00EF7877 /* PosterView.swift */ = {isa = PBXFileReference; lastKnownFileType = sourcecode.swift; path = PosterView.swift; sourceTree = "<group>"; };
		4AE425372BFCBBE700EF7877 /* HubView.swift */ = {isa = PBXFileReference; lastKnownFileType = sourcecode.swift; path = HubView.swift; sourceTree = "<group>"; };
/* End PBXFileReference section */

/* Begin PBXFrameworksBuildPhase section */
		4AA48F792BF7734D0059001D /* Frameworks */ = {
			isa = PBXFrameworksBuildPhase;
			buildActionMask = 2147483647;
			files = (
				4AC680CD2C16D0C600DC1C51 /* GoogleSignIn in Frameworks */,
				4A315BEE2C11AFAD0030FC07 /* FirebaseAuth in Frameworks */,
				4A315BF42C11AFAD0030FC07 /* FirebaseStorage in Frameworks */,
				4AC680CF2C16D0C600DC1C51 /* GoogleSignInSwift in Frameworks */,
				4A315BF02C11AFAD0030FC07 /* FirebaseFirestore in Frameworks */,
				4A315BF22C11AFAD0030FC07 /* FirebaseFirestoreSwift in Frameworks */,
			);
			runOnlyForDeploymentPostprocessing = 0;
		};
/* End PBXFrameworksBuildPhase section */

/* Begin PBXGroup section */
		4A24CC6A2BFB80AA000E4C4B /* Utilities */ = {
			isa = PBXGroup;
			children = (
				4A24CC6B2BFB813D000E4C4B /* Shimmering.swift */,
				4AE425312BFC8D4C00EF7877 /* Util.swift */,
				4A68176A2BFF7C560065C711 /* Constants.swift */,
				4AC680C92C16CFB400DC1C51 /* AppDelegate.swift */,
				4AC680D32C16DBD800DC1C51 /* TopViewController.swift */,
			);
			path = Utilities;
			sourceTree = "<group>";
		};
		4A315BE42C119F670030FC07 /* Authentication */ = {
			isa = PBXGroup;
			children = (
				4A315BF52C11B0060030FC07 /* ViewModel */,
				4A315BE72C11A9FA0030FC07 /* Model */,
			);
			path = Authentication;
			sourceTree = "<group>";
		};
		4A315BE72C11A9FA0030FC07 /* Model */ = {
			isa = PBXGroup;
			children = (
				4A315BE82C11AA080030FC07 /* User.swift */,
			);
			path = Model;
			sourceTree = "<group>";
		};
		4A315BF52C11B0060030FC07 /* ViewModel */ = {
			isa = PBXGroup;
			children = (
				4A315BF62C11B0160030FC07 /* AuthViewModel.swift */,
			);
			path = ViewModel;
			sourceTree = "<group>";
		};
		4A3BF8D72C09A5B100888168 /* ThemeManager */ = {
			isa = PBXGroup;
			children = (
				4A3BF8D82C09A5C700888168 /* SystemThemeManager.swift */,
			);
			path = ThemeManager;
			sourceTree = "<group>";
		};
		4AA48F732BF7734D0059001D = {
			isa = PBXGroup;
			children = (
				4A0581CC2C085FDC00FE370D /* Localizable.xcstrings */,
				4AA48F7E2BF7734D0059001D /* BSMovieCenter */,
				4AA48F7D2BF7734D0059001D /* Products */,
			);
			sourceTree = "<group>";
		};
		4AA48F7D2BF7734D0059001D /* Products */ = {
			isa = PBXGroup;
			children = (
				4AA48F7C2BF7734D0059001D /* BSMovieCenter.app */,
			);
			name = Products;
			sourceTree = "<group>";
		};
		4AA48F7E2BF7734D0059001D /* BSMovieCenter */ = {
			isa = PBXGroup;
			children = (
				4AC680D22C16D57F00DC1C51 /* Info.plist */,
				4A315BE42C119F670030FC07 /* Authentication */,
				4AC1CC932C10558200074D42 /* Database */,
				4AC1CC922C10554E00074D42 /* Repositories */,
				4AC1CC8D2C1048ED00074D42 /* Protocols */,
				4AC1CC892C10450200074D42 /* Commons */,
				4AC1CC8B2C1045BD00074D42 /* Modules */,
				4AE149F72C0DE9CC009DBA2B /* Enums */,
				4A3BF8D72C09A5B100888168 /* ThemeManager */,
				4A24CC6A2BFB80AA000E4C4B /* Utilities */,
				4AA48F922BF774FB0059001D /* NetworkManager */,
				4AA48F8F2BF773940059001D /* ViewModel */,
				4AA48F7F2BF7734D0059001D /* BSMovieCenterApp.swift */,
				4A315BF82C11B3F10030FC07 /* ContentView.swift */,
				4AA48F832BF7734E0059001D /* Assets.xcassets */,
				4AC680D02C16D3B500DC1C51 /* GoogleService-Info.plist */,
				4AA48F852BF7734E0059001D /* Preview Content */,
			);
			path = BSMovieCenter;
			sourceTree = "<group>";
		};
		4AA48F852BF7734E0059001D /* Preview Content */ = {
			isa = PBXGroup;
			children = (
				4AA48F862BF7734E0059001D /* Preview Assets.xcassets */,
			);
			path = "Preview Content";
			sourceTree = "<group>";
		};
		4AA48F8F2BF773940059001D /* ViewModel */ = {
			isa = PBXGroup;
			children = (
			);
			path = ViewModel;
			sourceTree = "<group>";
		};
		4AA48F922BF774FB0059001D /* NetworkManager */ = {
			isa = PBXGroup;
			children = (
				4AA48F932BF7753A0059001D /* NetworkService.swift */,
			);
			path = NetworkManager;
			sourceTree = "<group>";
		};
		4AC1CC712C103F6300074D42 /* Login */ = {
			isa = PBXGroup;
			children = (
				4AC1CC9C2C10A69200074D42 /* LoginView.swift */,
			);
			path = Login;
			sourceTree = "<group>";
		};
		4AC1CC722C103F6F00074D42 /* Sign-Up */ = {
			isa = PBXGroup;
			children = (
				4A315BE22C1193D10030FC07 /* SignupView.swift */,
			);
			path = "Sign-Up";
			sourceTree = "<group>";
		};
		4AC1CC732C103F9600074D42 /* Hub */ = {
			isa = PBXGroup;
			children = (
				4AC1CC842C1042AB00074D42 /* View */,
				4AC1CC742C103FBA00074D42 /* Home */,
				4AC1CC752C103FC100074D42 /* Search */,
				4AC1CC762C103FCC00074D42 /* WatchList */,
				4AC1CC772C103FDC00074D42 /* Settings */,
			);
			path = Hub;
			sourceTree = "<group>";
		};
		4AC1CC742C103FBA00074D42 /* Home */ = {
			isa = PBXGroup;
			children = (
				4AC1CC782C103FF000074D42 /* Model */,
				4AC1CC792C103FF600074D42 /* View */,
				4AC1CC7A2C103FFD00074D42 /* ViewModel */,
			);
			path = Home;
			sourceTree = "<group>";
		};
		4AC1CC752C103FC100074D42 /* Search */ = {
			isa = PBXGroup;
			children = (
				4AC1CC7D2C10407D00074D42 /* Model */,
				4AC1CC7C2C10407700074D42 /* View */,
				4AC1CC7B2C10406F00074D42 /* ViewModel */,
			);
			path = Search;
			sourceTree = "<group>";
		};
		4AC1CC762C103FCC00074D42 /* WatchList */ = {
			isa = PBXGroup;
			children = (
				4AC1CC802C10409500074D42 /* Model */,
				4AC1CC7F2C10408E00074D42 /* View */,
				4AC1CC7E2C10408600074D42 /* ViewModel */,
			);
			path = WatchList;
			sourceTree = "<group>";
		};
		4AC1CC772C103FDC00074D42 /* Settings */ = {
			isa = PBXGroup;
			children = (
				4AC1CC832C1040D300074D42 /* Model */,
				4AC1CC822C1040CD00074D42 /* View */,
				4AC1CC812C1040C700074D42 /* ViewModel */,
			);
			path = Settings;
			sourceTree = "<group>";
		};
		4AC1CC782C103FF000074D42 /* Model */ = {
			isa = PBXGroup;
			children = (
				4A24CC642BFB2264000E4C4B /* Movie.swift */,
				4AA48F902BF7748B0059001D /* MovieData.swift */,
			);
			path = Model;
			sourceTree = "<group>";
		};
		4AC1CC792C103FF600074D42 /* View */ = {
			isa = PBXGroup;
			children = (
				4AA48F812BF7734D0059001D /* HomeView.swift */,
				4AE4252F2BFC7E9400EF7877 /* HomeHeaderView.swift */,
				4A24CC682BFB2F19000E4C4B /* MovieBannerView.swift */,
				4A0887AD2BFF25DF00209021 /* CustomTabIndicator.swift */,
				4AE425332BFC939C00EF7877 /* HorizontalMovieListView.swift */,
				4AE425352BFC94EA00EF7877 /* PosterView.swift */,
				4AE4252D2BFC7AB700EF7877 /* MovieTabView.swift */,
				4A2F545A2BFC648300D68863 /* BannerMovieDetailView.swift */,
			);
			path = View;
			sourceTree = "<group>";
		};
		4AC1CC7A2C103FFD00074D42 /* ViewModel */ = {
			isa = PBXGroup;
			children = (
				4A24CC622BF7893E000E4C4B /* MovieInfoViewModel.swift */,
			);
			path = ViewModel;
			sourceTree = "<group>";
		};
		4AC1CC7B2C10406F00074D42 /* ViewModel */ = {
			isa = PBXGroup;
			children = (
				4A1999292C00AFD900A9026B /* SearchMovieViewModel.swift */,
			);
			path = ViewModel;
			sourceTree = "<group>";
		};
		4AC1CC7C2C10407700074D42 /* View */ = {
			isa = PBXGroup;
			children = (
				4A1999232C00A01700A9026B /* SearchMovieView.swift */,
				4AE149F12C0D9BBB009DBA2B /* FilterView.swift */,
				4A7B2D452C0DFAAB0090735B /* CustomSegmentedListPicker.swift */,
			);
			path = View;
			sourceTree = "<group>";
		};
		4AC1CC7D2C10407D00074D42 /* Model */ = {
			isa = PBXGroup;
			children = (
			);
			path = Model;
			sourceTree = "<group>";
		};
		4AC1CC7E2C10408600074D42 /* ViewModel */ = {
			isa = PBXGroup;
			children = (
				4A6D51132C073FEC000DC300 /* WatchListViewModel.swift */,
			);
			path = ViewModel;
			sourceTree = "<group>";
		};
		4AC1CC7F2C10408E00074D42 /* View */ = {
			isa = PBXGroup;
			children = (
				4A6D51152C0747ED000DC300 /* WatchListView.swift */,
			);
			path = View;
			sourceTree = "<group>";
		};
		4AC1CC802C10409500074D42 /* Model */ = {
			isa = PBXGroup;
			children = (
			);
			path = Model;
			sourceTree = "<group>";
		};
		4AC1CC812C1040C700074D42 /* ViewModel */ = {
			isa = PBXGroup;
			children = (
			);
			path = ViewModel;
			sourceTree = "<group>";
		};
		4AC1CC822C1040CD00074D42 /* View */ = {
			isa = PBXGroup;
			children = (
				4A0581CE2C08709100FE370D /* SettingsView.swift */,
			);
			path = View;
			sourceTree = "<group>";
		};
		4AC1CC832C1040D300074D42 /* Model */ = {
			isa = PBXGroup;
			children = (
			);
			path = Model;
			sourceTree = "<group>";
		};
		4AC1CC842C1042AB00074D42 /* View */ = {
			isa = PBXGroup;
			children = (
				4AE425372BFCBBE700EF7877 /* HubView.swift */,
			);
			path = View;
			sourceTree = "<group>";
		};
		4AC1CC852C10445600074D42 /* MovieDetail */ = {
			isa = PBXGroup;
			children = (
				4AC1CC882C10447200074D42 /* Model */,
				4AC1CC872C10446C00074D42 /* View */,
				4AC1CC862C10446500074D42 /* ViewModel */,
			);
			path = MovieDetail;
			sourceTree = "<group>";
		};
		4AC1CC862C10446500074D42 /* ViewModel */ = {
			isa = PBXGroup;
			children = (
				4A68176C2BFF7CB30065C711 /* MovieDetailViewModel.swift */,
			);
			path = ViewModel;
			sourceTree = "<group>";
		};
		4AC1CC872C10446C00074D42 /* View */ = {
			isa = PBXGroup;
			children = (
				4A0887AF2BFF4EEC00209021 /* MovieDetailView.swift */,
				4A6817662BFF61A30065C711 /* MovieRatingDetailView.swift */,
				4A6817702BFF815F0065C711 /* CastView.swift */,
			);
			path = View;
			sourceTree = "<group>";
		};
		4AC1CC882C10447200074D42 /* Model */ = {
			isa = PBXGroup;
			children = (
				4A68176E2BFF7D430065C711 /* MovieDetail.swift */,
				4A6817682BFF769F0065C711 /* Cast.swift */,
			);
			path = Model;
			sourceTree = "<group>";
		};
		4AC1CC892C10450200074D42 /* Commons */ = {
			isa = PBXGroup;
			children = (
				4AC1CC8A2C10450900074D42 /* View */,
			);
			path = Commons;
			sourceTree = "<group>";
		};
		4AC1CC8A2C10450900074D42 /* View */ = {
			isa = PBXGroup;
			children = (
				4A2F545E2BFC696900D68863 /* WatchlistButton.swift */,
				4A2F54572BFC5DE100D68863 /* BannerRatingView.swift */,
				4A2F545C2BFC65B500D68863 /* BannerYear-RuntimeView.swift */,
				4A1999252C00A8B000A9026B /* ListCellView.swift */,
				4A7B2D472C0E001F0090735B /* CustomSegmentedPicker.swift */,
				4A0887AB2BFF1D1100209021 /* TestView.swift */,
				4AE149F52C0DB8B7009DBA2B /* VideoView.swift */,
				4AC1CC9A2C10A66700074D42 /* BackgroundCurveShape.swift */,
				4A315BE02C1184B70030FC07 /* ResuableTextField.swift */,
				4A315BE52C11A7A70030FC07 /* SettingRowView.swift */,
			);
			path = View;
			sourceTree = "<group>";
		};
		4AC1CC8B2C1045BD00074D42 /* Modules */ = {
			isa = PBXGroup;
			children = (
				4AC1CC852C10445600074D42 /* MovieDetail */,
				4AC1CC732C103F9600074D42 /* Hub */,
				4AC1CC722C103F6F00074D42 /* Sign-Up */,
				4AC1CC712C103F6300074D42 /* Login */,
			);
			path = Modules;
			sourceTree = "<group>";
		};
		4AC1CC8D2C1048ED00074D42 /* Protocols */ = {
			isa = PBXGroup;
			children = (
				4AC1CC8E2C10491000074D42 /* LocalDataSource.swift */,
				4AC1CC902C10496F00074D42 /* RemoteDataSource.swift */,
				4A315BFA2C11C3DD0030FC07 /* AuthenticationFormProtocol.swift */,
			);
			path = Protocols;
			sourceTree = "<group>";
		};
		4AC1CC922C10554E00074D42 /* Repositories */ = {
			isa = PBXGroup;
			children = (
				4AC1CC982C105AA100074D42 /* MovieRepository.swift */,
			);
			path = Repositories;
			sourceTree = "<group>";
		};
		4AC1CC932C10558200074D42 /* Database */ = {
			isa = PBXGroup;
			children = (
				4AC1CC942C10559A00074D42 /* LocalDatabase.swift */,
				4AC1CC962C1057D400074D42 /* NetworkAPI.swift */,
			);
			path = Database;
			sourceTree = "<group>";
		};
		4AE149F72C0DE9CC009DBA2B /* Enums */ = {
			isa = PBXGroup;
			children = (
				4AE149F82C0DE9FC009DBA2B /* Enums.swift */,
			);
			path = Enums;
			sourceTree = "<group>";
		};
/* End PBXGroup section */

/* Begin PBXNativeTarget section */
		4AA48F7B2BF7734D0059001D /* BSMovieCenter */ = {
			isa = PBXNativeTarget;
			buildConfigurationList = 4AA48F8A2BF7734E0059001D /* Build configuration list for PBXNativeTarget "BSMovieCenter" */;
			buildPhases = (
				4AA48F782BF7734D0059001D /* Sources */,
				4AA48F792BF7734D0059001D /* Frameworks */,
				4AA48F7A2BF7734D0059001D /* Resources */,
			);
			buildRules = (
			);
			dependencies = (
			);
			name = BSMovieCenter;
			packageProductDependencies = (
				4A315BED2C11AFAD0030FC07 /* FirebaseAuth */,
				4A315BEF2C11AFAD0030FC07 /* FirebaseFirestore */,
				4A315BF12C11AFAD0030FC07 /* FirebaseFirestoreSwift */,
				4A315BF32C11AFAD0030FC07 /* FirebaseStorage */,
				4AC680CC2C16D0C600DC1C51 /* GoogleSignIn */,
				4AC680CE2C16D0C600DC1C51 /* GoogleSignInSwift */,
			);
			productName = BSMovieCenter;
			productReference = 4AA48F7C2BF7734D0059001D /* BSMovieCenter.app */;
			productType = "com.apple.product-type.application";
		};
/* End PBXNativeTarget section */

/* Begin PBXProject section */
		4AA48F742BF7734D0059001D /* Project object */ = {
			isa = PBXProject;
			attributes = {
				BuildIndependentTargetsInParallel = 1;
				LastSwiftUpdateCheck = 1540;
				LastUpgradeCheck = 1540;
				TargetAttributes = {
					4AA48F7B2BF7734D0059001D = {
						CreatedOnToolsVersion = 15.4;
					};
				};
			};
			buildConfigurationList = 4AA48F772BF7734D0059001D /* Build configuration list for PBXProject "BSMovieCenter" */;
			compatibilityVersion = "Xcode 14.0";
			developmentRegion = en;
			hasScannedForEncodings = 0;
			knownRegions = (
				en,
				Base,
				bn,
				"bn-BD",
			);
			mainGroup = 4AA48F732BF7734D0059001D;
			packageReferences = (
				4A315BEC2C11AFAD0030FC07 /* XCRemoteSwiftPackageReference "firebase-ios-sdk" */,
				4AC680CB2C16D0C600DC1C51 /* XCRemoteSwiftPackageReference "GoogleSignIn-iOS" */,
			);
			productRefGroup = 4AA48F7D2BF7734D0059001D /* Products */;
			projectDirPath = "";
			projectRoot = "";
			targets = (
				4AA48F7B2BF7734D0059001D /* BSMovieCenter */,
			);
		};
/* End PBXProject section */

/* Begin PBXResourcesBuildPhase section */
		4AA48F7A2BF7734D0059001D /* Resources */ = {
			isa = PBXResourcesBuildPhase;
			buildActionMask = 2147483647;
			files = (
				4AA48F872BF7734E0059001D /* Preview Assets.xcassets in Resources */,
				4AC680D12C16D3B500DC1C51 /* GoogleService-Info.plist in Resources */,
				4AA48F842BF7734E0059001D /* Assets.xcassets in Resources */,
				4A0581CD2C085FDC00FE370D /* Localizable.xcstrings in Resources */,
			);
			runOnlyForDeploymentPostprocessing = 0;
		};
/* End PBXResourcesBuildPhase section */

/* Begin PBXSourcesBuildPhase section */
		4AA48F782BF7734D0059001D /* Sources */ = {
			isa = PBXSourcesBuildPhase;
			buildActionMask = 2147483647;
			files = (
				4A24CC692BFB2F19000E4C4B /* MovieBannerView.swift in Sources */,
				4A1999262C00A8B000A9026B /* ListCellView.swift in Sources */,
				4AE425342BFC939C00EF7877 /* HorizontalMovieListView.swift in Sources */,
				4A2F545D2BFC65B500D68863 /* BannerYear-RuntimeView.swift in Sources */,
				4AC1CC9D2C10A69200074D42 /* LoginView.swift in Sources */,
				4A3BF8D92C09A5C700888168 /* SystemThemeManager.swift in Sources */,
				4AC1CC972C1057D400074D42 /* NetworkAPI.swift in Sources */,
				4A7B2D482C0E001F0090735B /* CustomSegmentedPicker.swift in Sources */,
				4AE149F22C0D9BBB009DBA2B /* FilterView.swift in Sources */,
				4AA48F912BF7748B0059001D /* MovieData.swift in Sources */,
				4A315BF92C11B3F10030FC07 /* ContentView.swift in Sources */,
				4A24CC632BF7893E000E4C4B /* MovieInfoViewModel.swift in Sources */,
				4A2F54582BFC5DE100D68863 /* BannerRatingView.swift in Sources */,
				4A315BE32C1193D10030FC07 /* SignupView.swift in Sources */,
				4AE149F62C0DB8B7009DBA2B /* VideoView.swift in Sources */,
				4A0887B02BFF4EEC00209021 /* MovieDetailView.swift in Sources */,
				4A0887AE2BFF25DF00209021 /* CustomTabIndicator.swift in Sources */,
				4A24CC652BFB2264000E4C4B /* Movie.swift in Sources */,
				4A1999242C00A01700A9026B /* SearchMovieView.swift in Sources */,
				4AA48F822BF7734D0059001D /* HomeView.swift in Sources */,
				4AE425322BFC8D4C00EF7877 /* Util.swift in Sources */,
				4A2F545F2BFC696900D68863 /* WatchlistButton.swift in Sources */,
				4A2F545B2BFC648300D68863 /* BannerMovieDetailView.swift in Sources */,
				4AE149F92C0DE9FC009DBA2B /* Enums.swift in Sources */,
				4AC680D42C16DBD800DC1C51 /* TopViewController.swift in Sources */,
				4A315BE62C11A7A70030FC07 /* SettingRowView.swift in Sources */,
				4AA48F942BF7753A0059001D /* NetworkService.swift in Sources */,
				4A24CC6C2BFB813D000E4C4B /* Shimmering.swift in Sources */,
				4A6817672BFF61A30065C711 /* MovieRatingDetailView.swift in Sources */,
				4AE4252E2BFC7AB700EF7877 /* MovieTabView.swift in Sources */,
				4A315BE92C11AA080030FC07 /* User.swift in Sources */,
				4A19992A2C00AFD900A9026B /* SearchMovieViewModel.swift in Sources */,
				4A6D51142C073FEC000DC300 /* WatchListViewModel.swift in Sources */,
				4A0581CF2C08709100FE370D /* SettingsView.swift in Sources */,
				4AE425382BFCBBE700EF7877 /* HubView.swift in Sources */,
				4A0887AC2BFF1D1100209021 /* TestView.swift in Sources */,
				4AE425302BFC7E9400EF7877 /* HomeHeaderView.swift in Sources */,
				4AC1CC952C10559A00074D42 /* LocalDatabase.swift in Sources */,
				4AC1CC912C10496F00074D42 /* RemoteDataSource.swift in Sources */,
				4AC1CC8F2C10491000074D42 /* LocalDataSource.swift in Sources */,
				4AA48F802BF7734D0059001D /* BSMovieCenterApp.swift in Sources */,
				4A315BE12C1184B70030FC07 /* ResuableTextField.swift in Sources */,
				4A6817712BFF815F0065C711 /* CastView.swift in Sources */,
				4A315BFB2C11C3DD0030FC07 /* AuthenticationFormProtocol.swift in Sources */,
				4A315BF72C11B0160030FC07 /* AuthViewModel.swift in Sources */,
				4AC1CC992C105AA100074D42 /* MovieRepository.swift in Sources */,
				4A7B2D462C0DFAAB0090735B /* CustomSegmentedListPicker.swift in Sources */,
				4A68176F2BFF7D440065C711 /* MovieDetail.swift in Sources */,
				4A68176D2BFF7CB30065C711 /* MovieDetailViewModel.swift in Sources */,
				4AC680CA2C16CFB400DC1C51 /* AppDelegate.swift in Sources */,
				4A6D51162C0747ED000DC300 /* WatchListView.swift in Sources */,
				4AE425362BFC94EA00EF7877 /* PosterView.swift in Sources */,
				4A6817692BFF769F0065C711 /* Cast.swift in Sources */,
				4AC1CC9B2C10A66700074D42 /* BackgroundCurveShape.swift in Sources */,
				4A68176B2BFF7C560065C711 /* Constants.swift in Sources */,
			);
			runOnlyForDeploymentPostprocessing = 0;
		};
/* End PBXSourcesBuildPhase section */

/* Begin XCBuildConfiguration section */
		4AA48F882BF7734E0059001D /* Debug */ = {
			isa = XCBuildConfiguration;
			buildSettings = {
				ALWAYS_SEARCH_USER_PATHS = NO;
				ASSETCATALOG_COMPILER_GENERATE_SWIFT_ASSET_SYMBOL_EXTENSIONS = YES;
				CLANG_ANALYZER_NONNULL = YES;
				CLANG_ANALYZER_NUMBER_OBJECT_CONVERSION = YES_AGGRESSIVE;
				CLANG_CXX_LANGUAGE_STANDARD = "gnu++20";
				CLANG_ENABLE_MODULES = YES;
				CLANG_ENABLE_OBJC_ARC = YES;
				CLANG_ENABLE_OBJC_WEAK = YES;
				CLANG_WARN_BLOCK_CAPTURE_AUTORELEASING = YES;
				CLANG_WARN_BOOL_CONVERSION = YES;
				CLANG_WARN_COMMA = YES;
				CLANG_WARN_CONSTANT_CONVERSION = YES;
				CLANG_WARN_DEPRECATED_OBJC_IMPLEMENTATIONS = YES;
				CLANG_WARN_DIRECT_OBJC_ISA_USAGE = YES_ERROR;
				CLANG_WARN_DOCUMENTATION_COMMENTS = YES;
				CLANG_WARN_EMPTY_BODY = YES;
				CLANG_WARN_ENUM_CONVERSION = YES;
				CLANG_WARN_INFINITE_RECURSION = YES;
				CLANG_WARN_INT_CONVERSION = YES;
				CLANG_WARN_NON_LITERAL_NULL_CONVERSION = YES;
				CLANG_WARN_OBJC_IMPLICIT_RETAIN_SELF = YES;
				CLANG_WARN_OBJC_LITERAL_CONVERSION = YES;
				CLANG_WARN_OBJC_ROOT_CLASS = YES_ERROR;
				CLANG_WARN_QUOTED_INCLUDE_IN_FRAMEWORK_HEADER = YES;
				CLANG_WARN_RANGE_LOOP_ANALYSIS = YES;
				CLANG_WARN_STRICT_PROTOTYPES = YES;
				CLANG_WARN_SUSPICIOUS_MOVE = YES;
				CLANG_WARN_UNGUARDED_AVAILABILITY = YES_AGGRESSIVE;
				CLANG_WARN_UNREACHABLE_CODE = YES;
				CLANG_WARN__DUPLICATE_METHOD_MATCH = YES;
				COPY_PHASE_STRIP = NO;
				DEBUG_INFORMATION_FORMAT = dwarf;
				ENABLE_STRICT_OBJC_MSGSEND = YES;
				ENABLE_TESTABILITY = YES;
				ENABLE_USER_SCRIPT_SANDBOXING = YES;
				GCC_C_LANGUAGE_STANDARD = gnu17;
				GCC_DYNAMIC_NO_PIC = NO;
				GCC_NO_COMMON_BLOCKS = YES;
				GCC_OPTIMIZATION_LEVEL = 0;
				GCC_PREPROCESSOR_DEFINITIONS = (
					"DEBUG=1",
					"$(inherited)",
				);
				GCC_WARN_64_TO_32_BIT_CONVERSION = YES;
				GCC_WARN_ABOUT_RETURN_TYPE = YES_ERROR;
				GCC_WARN_UNDECLARED_SELECTOR = YES;
				GCC_WARN_UNINITIALIZED_AUTOS = YES_AGGRESSIVE;
				GCC_WARN_UNUSED_FUNCTION = YES;
				GCC_WARN_UNUSED_VARIABLE = YES;
				IPHONEOS_DEPLOYMENT_TARGET = 17.5;
				LOCALIZATION_PREFERS_STRING_CATALOGS = YES;
				MTL_ENABLE_DEBUG_INFO = INCLUDE_SOURCE;
				MTL_FAST_MATH = YES;
				ONLY_ACTIVE_ARCH = YES;
				SDKROOT = iphoneos;
				SWIFT_ACTIVE_COMPILATION_CONDITIONS = "DEBUG $(inherited)";
				SWIFT_OPTIMIZATION_LEVEL = "-Onone";
			};
			name = Debug;
		};
		4AA48F892BF7734E0059001D /* Release */ = {
			isa = XCBuildConfiguration;
			buildSettings = {
				ALWAYS_SEARCH_USER_PATHS = NO;
				ASSETCATALOG_COMPILER_GENERATE_SWIFT_ASSET_SYMBOL_EXTENSIONS = YES;
				CLANG_ANALYZER_NONNULL = YES;
				CLANG_ANALYZER_NUMBER_OBJECT_CONVERSION = YES_AGGRESSIVE;
				CLANG_CXX_LANGUAGE_STANDARD = "gnu++20";
				CLANG_ENABLE_MODULES = YES;
				CLANG_ENABLE_OBJC_ARC = YES;
				CLANG_ENABLE_OBJC_WEAK = YES;
				CLANG_WARN_BLOCK_CAPTURE_AUTORELEASING = YES;
				CLANG_WARN_BOOL_CONVERSION = YES;
				CLANG_WARN_COMMA = YES;
				CLANG_WARN_CONSTANT_CONVERSION = YES;
				CLANG_WARN_DEPRECATED_OBJC_IMPLEMENTATIONS = YES;
				CLANG_WARN_DIRECT_OBJC_ISA_USAGE = YES_ERROR;
				CLANG_WARN_DOCUMENTATION_COMMENTS = YES;
				CLANG_WARN_EMPTY_BODY = YES;
				CLANG_WARN_ENUM_CONVERSION = YES;
				CLANG_WARN_INFINITE_RECURSION = YES;
				CLANG_WARN_INT_CONVERSION = YES;
				CLANG_WARN_NON_LITERAL_NULL_CONVERSION = YES;
				CLANG_WARN_OBJC_IMPLICIT_RETAIN_SELF = YES;
				CLANG_WARN_OBJC_LITERAL_CONVERSION = YES;
				CLANG_WARN_OBJC_ROOT_CLASS = YES_ERROR;
				CLANG_WARN_QUOTED_INCLUDE_IN_FRAMEWORK_HEADER = YES;
				CLANG_WARN_RANGE_LOOP_ANALYSIS = YES;
				CLANG_WARN_STRICT_PROTOTYPES = YES;
				CLANG_WARN_SUSPICIOUS_MOVE = YES;
				CLANG_WARN_UNGUARDED_AVAILABILITY = YES_AGGRESSIVE;
				CLANG_WARN_UNREACHABLE_CODE = YES;
				CLANG_WARN__DUPLICATE_METHOD_MATCH = YES;
				COPY_PHASE_STRIP = NO;
				DEBUG_INFORMATION_FORMAT = "dwarf-with-dsym";
				ENABLE_NS_ASSERTIONS = NO;
				ENABLE_STRICT_OBJC_MSGSEND = YES;
				ENABLE_USER_SCRIPT_SANDBOXING = YES;
				GCC_C_LANGUAGE_STANDARD = gnu17;
				GCC_NO_COMMON_BLOCKS = YES;
				GCC_WARN_64_TO_32_BIT_CONVERSION = YES;
				GCC_WARN_ABOUT_RETURN_TYPE = YES_ERROR;
				GCC_WARN_UNDECLARED_SELECTOR = YES;
				GCC_WARN_UNINITIALIZED_AUTOS = YES_AGGRESSIVE;
				GCC_WARN_UNUSED_FUNCTION = YES;
				GCC_WARN_UNUSED_VARIABLE = YES;
				IPHONEOS_DEPLOYMENT_TARGET = 17.5;
				LOCALIZATION_PREFERS_STRING_CATALOGS = YES;
				MTL_ENABLE_DEBUG_INFO = NO;
				MTL_FAST_MATH = YES;
				SDKROOT = iphoneos;
				SWIFT_COMPILATION_MODE = wholemodule;
				VALIDATE_PRODUCT = YES;
			};
			name = Release;
		};
		4AA48F8B2BF7734E0059001D /* Debug */ = {
			isa = XCBuildConfiguration;
			buildSettings = {
				ASSETCATALOG_COMPILER_APPICON_NAME = AppIcon;
				ASSETCATALOG_COMPILER_GLOBAL_ACCENT_COLOR_NAME = AccentColor;
				CODE_SIGN_STYLE = Automatic;
				CURRENT_PROJECT_VERSION = 1;
				DEVELOPMENT_ASSET_PATHS = "\"BSMovieCenter/Preview Content\"";
				DEVELOPMENT_TEAM = PBHADL468Q;
				ENABLE_PREVIEWS = YES;
				GENERATE_INFOPLIST_FILE = YES;
				INFOPLIST_FILE = BSMovieCenter/Info.plist;
				INFOPLIST_KEY_UIApplicationSceneManifest_Generation = YES;
				INFOPLIST_KEY_UIApplicationSupportsIndirectInputEvents = YES;
				INFOPLIST_KEY_UILaunchScreen_Generation = YES;
				INFOPLIST_KEY_UISupportedInterfaceOrientations_iPad = "UIInterfaceOrientationPortrait UIInterfaceOrientationPortraitUpsideDown UIInterfaceOrientationLandscapeLeft UIInterfaceOrientationLandscapeRight";
				INFOPLIST_KEY_UISupportedInterfaceOrientations_iPhone = "UIInterfaceOrientationPortrait UIInterfaceOrientationLandscapeLeft UIInterfaceOrientationLandscapeRight";
				LD_RUNPATH_SEARCH_PATHS = (
					"$(inherited)",
					"@executable_path/Frameworks",
				);
				MARKETING_VERSION = 1.0;
				PRODUCT_BUNDLE_IDENTIFIER = brainstation.BSMovieCenter;
				PRODUCT_NAME = "$(TARGET_NAME)";
				SWIFT_EMIT_LOC_STRINGS = YES;
				SWIFT_VERSION = 5.0;
				TARGETED_DEVICE_FAMILY = "1,2";
			};
			name = Debug;
		};
		4AA48F8C2BF7734E0059001D /* Release */ = {
			isa = XCBuildConfiguration;
			buildSettings = {
				ASSETCATALOG_COMPILER_APPICON_NAME = AppIcon;
				ASSETCATALOG_COMPILER_GLOBAL_ACCENT_COLOR_NAME = AccentColor;
				CODE_SIGN_STYLE = Automatic;
				CURRENT_PROJECT_VERSION = 1;
				DEVELOPMENT_ASSET_PATHS = "\"BSMovieCenter/Preview Content\"";
				DEVELOPMENT_TEAM = PBHADL468Q;
				ENABLE_PREVIEWS = YES;
				GENERATE_INFOPLIST_FILE = YES;
				INFOPLIST_FILE = BSMovieCenter/Info.plist;
				INFOPLIST_KEY_UIApplicationSceneManifest_Generation = YES;
				INFOPLIST_KEY_UIApplicationSupportsIndirectInputEvents = YES;
				INFOPLIST_KEY_UILaunchScreen_Generation = YES;
				INFOPLIST_KEY_UISupportedInterfaceOrientations_iPad = "UIInterfaceOrientationPortrait UIInterfaceOrientationPortraitUpsideDown UIInterfaceOrientationLandscapeLeft UIInterfaceOrientationLandscapeRight";
				INFOPLIST_KEY_UISupportedInterfaceOrientations_iPhone = "UIInterfaceOrientationPortrait UIInterfaceOrientationLandscapeLeft UIInterfaceOrientationLandscapeRight";
				LD_RUNPATH_SEARCH_PATHS = (
					"$(inherited)",
					"@executable_path/Frameworks",
				);
				MARKETING_VERSION = 1.0;
				PRODUCT_BUNDLE_IDENTIFIER = brainstation.BSMovieCenter;
				PRODUCT_NAME = "$(TARGET_NAME)";
				SWIFT_EMIT_LOC_STRINGS = YES;
				SWIFT_VERSION = 5.0;
				TARGETED_DEVICE_FAMILY = "1,2";
			};
			name = Release;
		};
/* End XCBuildConfiguration section */

/* Begin XCConfigurationList section */
		4AA48F772BF7734D0059001D /* Build configuration list for PBXProject "BSMovieCenter" */ = {
			isa = XCConfigurationList;
			buildConfigurations = (
				4AA48F882BF7734E0059001D /* Debug */,
				4AA48F892BF7734E0059001D /* Release */,
			);
			defaultConfigurationIsVisible = 0;
			defaultConfigurationName = Release;
		};
		4AA48F8A2BF7734E0059001D /* Build configuration list for PBXNativeTarget "BSMovieCenter" */ = {
			isa = XCConfigurationList;
			buildConfigurations = (
				4AA48F8B2BF7734E0059001D /* Debug */,
				4AA48F8C2BF7734E0059001D /* Release */,
			);
			defaultConfigurationIsVisible = 0;
			defaultConfigurationName = Release;
		};
/* End XCConfigurationList section */

/* Begin XCRemoteSwiftPackageReference section */
		4A315BEC2C11AFAD0030FC07 /* XCRemoteSwiftPackageReference "firebase-ios-sdk" */ = {
			isa = XCRemoteSwiftPackageReference;
			repositoryURL = "https://github.com/firebase/firebase-ios-sdk";
			requirement = {
				kind = upToNextMajorVersion;
				minimumVersion = 10.27.0;
			};
		};
		4AC680CB2C16D0C600DC1C51 /* XCRemoteSwiftPackageReference "GoogleSignIn-iOS" */ = {
			isa = XCRemoteSwiftPackageReference;
			repositoryURL = "https://github.com/google/GoogleSignIn-iOS";
			requirement = {
				kind = upToNextMajorVersion;
				minimumVersion = 7.1.0;
			};
		};
/* End XCRemoteSwiftPackageReference section */

/* Begin XCSwiftPackageProductDependency section */
		4A315BED2C11AFAD0030FC07 /* FirebaseAuth */ = {
			isa = XCSwiftPackageProductDependency;
			package = 4A315BEC2C11AFAD0030FC07 /* XCRemoteSwiftPackageReference "firebase-ios-sdk" */;
			productName = FirebaseAuth;
		};
		4A315BEF2C11AFAD0030FC07 /* FirebaseFirestore */ = {
			isa = XCSwiftPackageProductDependency;
			package = 4A315BEC2C11AFAD0030FC07 /* XCRemoteSwiftPackageReference "firebase-ios-sdk" */;
			productName = FirebaseFirestore;
		};
		4A315BF12C11AFAD0030FC07 /* FirebaseFirestoreSwift */ = {
			isa = XCSwiftPackageProductDependency;
			package = 4A315BEC2C11AFAD0030FC07 /* XCRemoteSwiftPackageReference "firebase-ios-sdk" */;
			productName = FirebaseFirestoreSwift;
		};
		4A315BF32C11AFAD0030FC07 /* FirebaseStorage */ = {
			isa = XCSwiftPackageProductDependency;
			package = 4A315BEC2C11AFAD0030FC07 /* XCRemoteSwiftPackageReference "firebase-ios-sdk" */;
			productName = FirebaseStorage;
		};
		4AC680CC2C16D0C600DC1C51 /* GoogleSignIn */ = {
			isa = XCSwiftPackageProductDependency;
			package = 4AC680CB2C16D0C600DC1C51 /* XCRemoteSwiftPackageReference "GoogleSignIn-iOS" */;
			productName = GoogleSignIn;
		};
		4AC680CE2C16D0C600DC1C51 /* GoogleSignInSwift */ = {
			isa = XCSwiftPackageProductDependency;
			package = 4AC680CB2C16D0C600DC1C51 /* XCRemoteSwiftPackageReference "GoogleSignIn-iOS" */;
			productName = GoogleSignInSwift;
		};
/* End XCSwiftPackageProductDependency section */
	};
	rootObject = 4AA48F742BF7734D0059001D /* Project object */;
}
